
Microsoft Visual Studio Solution File, Format Version 12.00
# Visual Studio Version 17
VisualStudioVersion = 17.4.33213.308
MinimumVisualStudioVersion = 10.0.40219.1
Project("{9A19103F-16F7-4668-BE54-9A1E7A4F7556}") = "GameStore.Customer.Api", "Services\Customer\GameStore.Customer.Api\GameStore.Customer.Api.csproj", "{AA4EB498-3A81-4DC0-9CD1-85ACC88FA53F}"
EndProject
Project("{9A19103F-16F7-4668-BE54-9A1E7A4F7556}") = "GameStore.Identity.Api", "Services\Identity\GameStore.Identity.Api\GameStore.Identity.Api.csproj", "{310A5022-DDAB-4E5C-818E-59D529085A07}"
EndProject
Project("{9A19103F-16F7-4668-BE54-9A1E7A4F7556}") = "GameStore.Basket.Api", "Services\Basket\GameStore.Basket.Api\GameStore.Basket.Api.csproj", "{7E1CF47B-E78B-4B84-B0C9-C5769503F00E}"
EndProject
Project("{9A19103F-16F7-4668-BE54-9A1E7A4F7556}") = "GameStore.Order.Api", "Services\Order\GameStore.Order.Api\GameStore.Order.Api.csproj", "{9A2BBFE1-C48D-487C-A752-5A123E6C834C}"
EndProject
Project("{9A19103F-16F7-4668-BE54-9A1E7A4F7556}") = "GameStore.Catalog.Api", "Services\Catalog\GameStore.Catalog.Api\GameStore.Catalog.Api.csproj", "{AE624180-C6FE-4400-963B-14ACC006BE18}"
EndProject
Project("{9A19103F-16F7-4668-BE54-9A1E7A4F7556}") = "GameStore.Payment.Api", "Services\Payment\GameStore.Payment.Api\GameStore.Payment.Api.csproj", "{647BFCA8-2A00-437D-A815-889286BA8686}"
EndProject
Project("{2150E333-8FDC-42A3-9474-1A3956D46DE8}") = "Services", "Services", "{386E02FA-F155-41C6-B662-E8059BB6CA77}"
EndProject
Project("{2150E333-8FDC-42A3-9474-1A3956D46DE8}") = "Tests", "Tests", "{1C402E15-78D6-47C8-BCD5-80A6D7233E61}"
EndProject
Project("{2150E333-8FDC-42A3-9474-1A3956D46DE8}") = "Customer", "Customer", "{7E81DB80-C5BB-4F90-85A7-D059FA80A675}"
EndProject
Project("{2150E333-8FDC-42A3-9474-1A3956D46DE8}") = "Basket", "Basket", "{7FDF90B9-C428-4768-9A2F-4016AD9F5A14}"
EndProject
Project("{2150E333-8FDC-42A3-9474-1A3956D46DE8}") = "Catalog", "Catalog", "{B4AAAB0D-D8BE-4271-A569-2B6DEF4AF461}"
EndProject
Project("{2150E333-8FDC-42A3-9474-1A3956D46DE8}") = "Identity", "Identity", "{D5762112-2F4F-4C76-B526-A2DDCB4EFCC5}"
EndProject
Project("{2150E333-8FDC-42A3-9474-1A3956D46DE8}") = "Order", "Order", "{C6C9F647-947E-467B-95A2-FBED80C3AFD7}"
EndProject
Project("{2150E333-8FDC-42A3-9474-1A3956D46DE8}") = "Payment", "Payment", "{AEE0DFEE-AC63-4EA3-B343-4A33A34994C8}"
EndProject
Project("{2150E333-8FDC-42A3-9474-1A3956D46DE8}") = "Core", "Core", "{5C633BBB-E948-45E9-8065-BD2A89A38494}"
EndProject
Project("{FAE04EC0-301F-11D3-BF4B-00C04F79EFBC}") = "GameStore.Core", "GameStore.Core\GameStore.Core.csproj", "{728DBBCC-9038-495A-A7A0-99BA02753B10}"
EndProject
Project("{FAE04EC0-301F-11D3-BF4B-00C04F79EFBC}") = "GameStore.Customer.Domain", "Services\Customer\GameStore.Customer.Domain\GameStore.Customer.Domain.csproj", "{79308E67-117F-4099-B77D-0B8F81284342}"
EndProject
Project("{FAE04EC0-301F-11D3-BF4B-00C04F79EFBC}") = "GameStore.Customer.Infrastructure", "GameStore.Customer.Infrastructure\GameStore.Customer.Infrastructure.csproj", "{5CE14607-8D90-446D-AE33-AAC355F88595}"
EndProject
Project("{FAE04EC0-301F-11D3-BF4B-00C04F79EFBC}") = "GameStore.Customer.Application", "GameStore.Customer.Application\GameStore.Customer.Application.csproj", "{86B2C30E-77B9-48CD-A1BC-4027337D5683}"
EndProject
Global
	GlobalSection(SolutionConfigurationPlatforms) = preSolution
		Debug|Any CPU = Debug|Any CPU
		Release|Any CPU = Release|Any CPU
	EndGlobalSection
	GlobalSection(ProjectConfigurationPlatforms) = postSolution
		{AA4EB498-3A81-4DC0-9CD1-85ACC88FA53F}.Debug|Any CPU.ActiveCfg = Debug|Any CPU
		{AA4EB498-3A81-4DC0-9CD1-85ACC88FA53F}.Debug|Any CPU.Build.0 = Debug|Any CPU
		{AA4EB498-3A81-4DC0-9CD1-85ACC88FA53F}.Release|Any CPU.ActiveCfg = Release|Any CPU
		{AA4EB498-3A81-4DC0-9CD1-85ACC88FA53F}.Release|Any CPU.Build.0 = Release|Any CPU
		{310A5022-DDAB-4E5C-818E-59D529085A07}.Debug|Any CPU.ActiveCfg = Debug|Any CPU
		{310A5022-DDAB-4E5C-818E-59D529085A07}.Debug|Any CPU.Build.0 = Debug|Any CPU
		{310A5022-DDAB-4E5C-818E-59D529085A07}.Release|Any CPU.ActiveCfg = Release|Any CPU
		{310A5022-DDAB-4E5C-818E-59D529085A07}.Release|Any CPU.Build.0 = Release|Any CPU
		{7E1CF47B-E78B-4B84-B0C9-C5769503F00E}.Debug|Any CPU.ActiveCfg = Debug|Any CPU
		{7E1CF47B-E78B-4B84-B0C9-C5769503F00E}.Debug|Any CPU.Build.0 = Debug|Any CPU
		{7E1CF47B-E78B-4B84-B0C9-C5769503F00E}.Release|Any CPU.ActiveCfg = Release|Any CPU
		{7E1CF47B-E78B-4B84-B0C9-C5769503F00E}.Release|Any CPU.Build.0 = Release|Any CPU
		{9A2BBFE1-C48D-487C-A752-5A123E6C834C}.Debug|Any CPU.ActiveCfg = Debug|Any CPU
		{9A2BBFE1-C48D-487C-A752-5A123E6C834C}.Debug|Any CPU.Build.0 = Debug|Any CPU
		{9A2BBFE1-C48D-487C-A752-5A123E6C834C}.Release|Any CPU.ActiveCfg = Release|Any CPU
		{9A2BBFE1-C48D-487C-A752-5A123E6C834C}.Release|Any CPU.Build.0 = Release|Any CPU
		{AE624180-C6FE-4400-963B-14ACC006BE18}.Debug|Any CPU.ActiveCfg = Debug|Any CPU
		{AE624180-C6FE-4400-963B-14ACC006BE18}.Debug|Any CPU.Build.0 = Debug|Any CPU
		{AE624180-C6FE-4400-963B-14ACC006BE18}.Release|Any CPU.ActiveCfg = Release|Any CPU
		{AE624180-C6FE-4400-963B-14ACC006BE18}.Release|Any CPU.Build.0 = Release|Any CPU
		{647BFCA8-2A00-437D-A815-889286BA8686}.Debug|Any CPU.ActiveCfg = Debug|Any CPU
		{647BFCA8-2A00-437D-A815-889286BA8686}.Debug|Any CPU.Build.0 = Debug|Any CPU
		{647BFCA8-2A00-437D-A815-889286BA8686}.Release|Any CPU.ActiveCfg = Release|Any CPU
		{647BFCA8-2A00-437D-A815-889286BA8686}.Release|Any CPU.Build.0 = Release|Any CPU
		{728DBBCC-9038-495A-A7A0-99BA02753B10}.Debug|Any CPU.ActiveCfg = Debug|Any CPU
		{728DBBCC-9038-495A-A7A0-99BA02753B10}.Debug|Any CPU.Build.0 = Debug|Any CPU
		{728DBBCC-9038-495A-A7A0-99BA02753B10}.Release|Any CPU.ActiveCfg = Release|Any CPU
		{728DBBCC-9038-495A-A7A0-99BA02753B10}.Release|Any CPU.Build.0 = Release|Any CPU
		{79308E67-117F-4099-B77D-0B8F81284342}.Debug|Any CPU.ActiveCfg = Debug|Any CPU
		{79308E67-117F-4099-B77D-0B8F81284342}.Debug|Any CPU.Build.0 = Debug|Any CPU
		{79308E67-117F-4099-B77D-0B8F81284342}.Release|Any CPU.ActiveCfg = Release|Any CPU
		{79308E67-117F-4099-B77D-0B8F81284342}.Release|Any CPU.Build.0 = Release|Any CPU
		{5CE14607-8D90-446D-AE33-AAC355F88595}.Debug|Any CPU.ActiveCfg = Debug|Any CPU
		{5CE14607-8D90-446D-AE33-AAC355F88595}.Debug|Any CPU.Build.0 = Debug|Any CPU
		{5CE14607-8D90-446D-AE33-AAC355F88595}.Release|Any CPU.ActiveCfg = Release|Any CPU
		{5CE14607-8D90-446D-AE33-AAC355F88595}.Release|Any CPU.Build.0 = Release|Any CPU
		{86B2C30E-77B9-48CD-A1BC-4027337D5683}.Debug|Any CPU.ActiveCfg = Debug|Any CPU
		{86B2C30E-77B9-48CD-A1BC-4027337D5683}.Debug|Any CPU.Build.0 = Debug|Any CPU
		{86B2C30E-77B9-48CD-A1BC-4027337D5683}.Release|Any CPU.ActiveCfg = Release|Any CPU
		{86B2C30E-77B9-48CD-A1BC-4027337D5683}.Release|Any CPU.Build.0 = Release|Any CPU
	EndGlobalSection
	GlobalSection(SolutionProperties) = preSolution
		HideSolutionNode = FALSE
	EndGlobalSection
	GlobalSection(NestedProjects) = preSolution
		{AA4EB498-3A81-4DC0-9CD1-85ACC88FA53F} = {7E81DB80-C5BB-4F90-85A7-D059FA80A675}
		{310A5022-DDAB-4E5C-818E-59D529085A07} = {D5762112-2F4F-4C76-B526-A2DDCB4EFCC5}
		{7E1CF47B-E78B-4B84-B0C9-C5769503F00E} = {7FDF90B9-C428-4768-9A2F-4016AD9F5A14}
		{9A2BBFE1-C48D-487C-A752-5A123E6C834C} = {C6C9F647-947E-467B-95A2-FBED80C3AFD7}
		{AE624180-C6FE-4400-963B-14ACC006BE18} = {B4AAAB0D-D8BE-4271-A569-2B6DEF4AF461}
		{647BFCA8-2A00-437D-A815-889286BA8686} = {AEE0DFEE-AC63-4EA3-B343-4A33A34994C8}
		{7E81DB80-C5BB-4F90-85A7-D059FA80A675} = {386E02FA-F155-41C6-B662-E8059BB6CA77}
		{7FDF90B9-C428-4768-9A2F-4016AD9F5A14} = {386E02FA-F155-41C6-B662-E8059BB6CA77}
		{B4AAAB0D-D8BE-4271-A569-2B6DEF4AF461} = {386E02FA-F155-41C6-B662-E8059BB6CA77}
		{D5762112-2F4F-4C76-B526-A2DDCB4EFCC5} = {386E02FA-F155-41C6-B662-E8059BB6CA77}
		{C6C9F647-947E-467B-95A2-FBED80C3AFD7} = {386E02FA-F155-41C6-B662-E8059BB6CA77}
		{AEE0DFEE-AC63-4EA3-B343-4A33A34994C8} = {386E02FA-F155-41C6-B662-E8059BB6CA77}
		{728DBBCC-9038-495A-A7A0-99BA02753B10} = {5C633BBB-E948-45E9-8065-BD2A89A38494}
		{79308E67-117F-4099-B77D-0B8F81284342} = {7E81DB80-C5BB-4F90-85A7-D059FA80A675}
		{5CE14607-8D90-446D-AE33-AAC355F88595} = {7E81DB80-C5BB-4F90-85A7-D059FA80A675}
		{86B2C30E-77B9-48CD-A1BC-4027337D5683} = {7E81DB80-C5BB-4F90-85A7-D059FA80A675}
	EndGlobalSection
	GlobalSection(ExtensibilityGlobals) = postSolution
		SolutionGuid = {6677A261-6462-4B9E-9735-09472B7F839F}
	EndGlobalSection
EndGlobal
